
Microsoft Visual Studio Solution File, Format Version 12.00
# Visual Studio Version 16
VisualStudioVersion = 16.0.30717.126
MinimumVisualStudioVersion = 10.0.40219.1
Project("{9A19103F-16F7-4668-BE54-9A1E7A4F7556}") = "Ids", "Ids\Ids.csproj", "{2EF95E3E-D471-4A07-81D3-B6151CF34590}"
EndProject
Project("{9A19103F-16F7-4668-BE54-9A1E7A4F7556}") = "MyApi", "MyApi\MyApi.csproj", "{690D5B64-B8F5-4DE5-9DF3-937D4352A73F}"
EndProject
Project("{9A19103F-16F7-4668-BE54-9A1E7A4F7556}") = "JavaScriptClient", "JavaScriptClient\JavaScriptClient.csproj", "{DFA976DD-C4F2-4A0A-8341-813006D0486B}"
EndProject
Project("{2150E333-8FDC-42A3-9474-1A3956D46DE8}") = "Auth", "Auth", "{E4586875-C27E-4B33-ACD6-7FE91AFF4389}"
EndProject
Project("{2150E333-8FDC-42A3-9474-1A3956D46DE8}") = "Clients", "Clients", "{8DABEBA6-A6AF-4ED3-A01D-F7D95C4AF79F}"
EndProject
Project("{2150E333-8FDC-42A3-9474-1A3956D46DE8}") = "Gateways", "Gateways", "{6B14EADF-7549-472A-B81D-F1BED4D4377E}"
EndProject
Project("{2150E333-8FDC-42A3-9474-1A3956D46DE8}") = "Services", "Services", "{98CACEB2-1734-4AD1-8373-D02972C50061}"
	ProjectSection(SolutionItems) = preProject
		Docker.txt = Docker.txt
	EndProjectSection
EndProject
Project("{9A19103F-16F7-4668-BE54-9A1E7A4F7556}") = "Ocelot.APIGateway", "Ocelot.APIGateway\Ocelot.APIGateway.csproj", "{6322DE70-2DB8-4C42-8763-30824C5B6379}"
EndProject
Project("{9A19103F-16F7-4668-BE54-9A1E7A4F7556}") = "Order.API", "Order.API\Order.API.csproj", "{44D5985B-5429-4954-BD27-981CEB7495A1}"
EndProject
Project("{9A19103F-16F7-4668-BE54-9A1E7A4F7556}") = "Product.API", "Product.API\Product.API.csproj", "{9AB21EC3-0E46-4292-A521-9986617AD619}"
EndProject
Project("{9A19103F-16F7-4668-BE54-9A1E7A4F7556}") = "Web.MVC", "Web.MVC\Web.MVC.csproj", "{519473B7-3796-4D31-A2AA-142D4ABB28A2}"
EndProject
Global
	GlobalSection(SolutionConfigurationPlatforms) = preSolution
		Debug|Any CPU = Debug|Any CPU
		Release|Any CPU = Release|Any CPU
	EndGlobalSection
	GlobalSection(ProjectConfigurationPlatforms) = postSolution
		{2EF95E3E-D471-4A07-81D3-B6151CF34590}.Debug|Any CPU.ActiveCfg = Debug|Any CPU
		{2EF95E3E-D471-4A07-81D3-B6151CF34590}.Debug|Any CPU.Build.0 = Debug|Any CPU
		{2EF95E3E-D471-4A07-81D3-B6151CF34590}.Release|Any CPU.ActiveCfg = Release|Any CPU
		{2EF95E3E-D471-4A07-81D3-B6151CF34590}.Release|Any CPU.Build.0 = Release|Any CPU
		{690D5B64-B8F5-4DE5-9DF3-937D4352A73F}.Debug|Any CPU.ActiveCfg = Debug|Any CPU
		{690D5B64-B8F5-4DE5-9DF3-937D4352A73F}.Debug|Any CPU.Build.0 = Debug|Any CPU
		{690D5B64-B8F5-4DE5-9DF3-937D4352A73F}.Release|Any CPU.ActiveCfg = Release|Any CPU
		{690D5B64-B8F5-4DE5-9DF3-937D4352A73F}.Release|Any CPU.Build.0 = Release|Any CPU
		{DFA976DD-C4F2-4A0A-8341-813006D0486B}.Debug|Any CPU.ActiveCfg = Debug|Any CPU
		{DFA976DD-C4F2-4A0A-8341-813006D0486B}.Debug|Any CPU.Build.0 = Debug|Any CPU
		{DFA976DD-C4F2-4A0A-8341-813006D0486B}.Release|Any CPU.ActiveCfg = Release|Any CPU
		{DFA976DD-C4F2-4A0A-8341-813006D0486B}.Release|Any CPU.Build.0 = Release|Any CPU
		{6322DE70-2DB8-4C42-8763-30824C5B6379}.Debug|Any CPU.ActiveCfg = Debug|Any CPU
		{6322DE70-2DB8-4C42-8763-30824C5B6379}.Debug|Any CPU.Build.0 = Debug|Any CPU
		{6322DE70-2DB8-4C42-8763-30824C5B6379}.Release|Any CPU.ActiveCfg = Release|Any CPU
		{6322DE70-2DB8-4C42-8763-30824C5B6379}.Release|Any CPU.Build.0 = Release|Any CPU
		{44D5985B-5429-4954-BD27-981CEB7495A1}.Debug|Any CPU.ActiveCfg = Debug|Any CPU
		{44D5985B-5429-4954-BD27-981CEB7495A1}.Debug|Any CPU.Build.0 = Debug|Any CPU
		{44D5985B-5429-4954-BD27-981CEB7495A1}.Release|Any CPU.ActiveCfg = Release|Any CPU
		{44D5985B-5429-4954-BD27-981CEB7495A1}.Release|Any CPU.Build.0 = Release|Any CPU
		{9AB21EC3-0E46-4292-A521-9986617AD619}.Debug|Any CPU.ActiveCfg = Debug|Any CPU
		{9AB21EC3-0E46-4292-A521-9986617AD619}.Debug|Any CPU.Build.0 = Debug|Any CPU
		{9AB21EC3-0E46-4292-A521-9986617AD619}.Release|Any CPU.ActiveCfg = Release|Any CPU
		{9AB21EC3-0E46-4292-A521-9986617AD619}.Release|Any CPU.Build.0 = Release|Any CPU
		{519473B7-3796-4D31-A2AA-142D4ABB28A2}.Debug|Any CPU.ActiveCfg = Debug|Any CPU
		{519473B7-3796-4D31-A2AA-142D4ABB28A2}.Debug|Any CPU.Build.0 = Debug|Any CPU
		{519473B7-3796-4D31-A2AA-142D4ABB28A2}.Release|Any CPU.ActiveCfg = Release|Any CPU
		{519473B7-3796-4D31-A2AA-142D4ABB28A2}.Release|Any CPU.Build.0 = Release|Any CPU
	EndGlobalSection
	GlobalSection(SolutionProperties) = preSolution
		HideSolutionNode = FALSE
	EndGlobalSection
	GlobalSection(NestedProjects) = preSolution
		{2EF95E3E-D471-4A07-81D3-B6151CF34590} = {E4586875-C27E-4B33-ACD6-7FE91AFF4389}
		{690D5B64-B8F5-4DE5-9DF3-937D4352A73F} = {8DABEBA6-A6AF-4ED3-A01D-F7D95C4AF79F}
		{DFA976DD-C4F2-4A0A-8341-813006D0486B} = {8DABEBA6-A6AF-4ED3-A01D-F7D95C4AF79F}
		{6322DE70-2DB8-4C42-8763-30824C5B6379} = {6B14EADF-7549-472A-B81D-F1BED4D4377E}
		{44D5985B-5429-4954-BD27-981CEB7495A1} = {98CACEB2-1734-4AD1-8373-D02972C50061}
		{9AB21EC3-0E46-4292-A521-9986617AD619} = {98CACEB2-1734-4AD1-8373-D02972C50061}
		{519473B7-3796-4D31-A2AA-142D4ABB28A2} = {8DABEBA6-A6AF-4ED3-A01D-F7D95C4AF79F}
	EndGlobalSection
	GlobalSection(ExtensibilityGlobals) = postSolution
		SolutionGuid = {972C4931-CC98-40B4-A57F-14186C87FE30}
	EndGlobalSection
EndGlobal
